<?xml version="1.0" encoding="utf-8"?>
<Project ToolsVersion="4.0" xmlns="http://schemas.microsoft.com/developer/msbuild/2003">
  <ItemGroup>
    <Filter Include="Source Files">
      <UniqueIdentifier>{4FC737F1-C7A5-4376-A066-2A32D752A2FF}</UniqueIdentifier>
      <Extensions>cpp;cxx;c;def</Extensions>
    </Filter>
    <Filter Include="Header Files">
      <UniqueIdentifier>{93995380-89BD-4b04-88EB-625FBE52EBFB}</UniqueIdentifier>
      <Extensions>h</Extensions>
    </Filter>
    <Filter Include="Form Files">
      <UniqueIdentifier>{99349809-55BA-4b9d-BF79-8FDBB0286EB3}</UniqueIdentifier>
      <Extensions>ui</Extensions>
    </Filter>
    <Filter Include="Resource Files">
      <UniqueIdentifier>{D9D6E242-F8AF-46E4-B9FD-80ECBC20BA3E}</UniqueIdentifier>
      <Extensions>qrc;*</Extensions>
      <ParseFiles>false</ParseFiles>
    </Filter>
    <Filter Include="Generated Files">
      <UniqueIdentifier>{71ED8ED8-ACB9-4CE9-BBE1-E00B30144E11}</UniqueIdentifier>
      <Extensions>moc;h;cpp</Extensions>
      <SourceControlFiles>False</SourceControlFiles>
    </Filter>
    <Filter Include="Generated Files\Debug">
      <UniqueIdentifier>{b08be92c-6f18-49dd-a84f-1ef71b7ebfc1}</UniqueIdentifier>
      <Extensions>cpp;moc</Extensions>
      <SourceControlFiles>False</SourceControlFiles>
    </Filter>
    <Filter Include="Generated Files\Release">
      <UniqueIdentifier>{d6ae94d5-3a80-4c65-b878-9cfa788edcf2}</UniqueIdentifier>
      <Extensions>cpp;moc</Extensions>
      <SourceControlFiles>False</SourceControlFiles>
    </Filter>
    <Filter Include="Header Files\parser">
      <UniqueIdentifier>{b04e43ca-a55e-40a4-bd73-a9f4f3319486}</UniqueIdentifier>
    </Filter>
    <Filter Include="Header Files\scene">
      <UniqueIdentifier>{87d1a0dd-2bb3-4006-8ecb-1b3c3f3db059}</UniqueIdentifier>
    </Filter>
    <Filter Include="Source Files\scene">
      <UniqueIdentifier>{cbc948d8-9d92-4d4b-9b7d-878668aafb9f}</UniqueIdentifier>
    </Filter>
    <Filter Include="Source Files\parser">
      <UniqueIdentifier>{ec46cfc9-1755-4430-81ce-80804158e315}</UniqueIdentifier>
    </Filter>
    <Filter Include="Header Files\math">
      <UniqueIdentifier>{558d228d-b97a-4b99-85a3-6437855c4622}</UniqueIdentifier>
    </Filter>
    <Filter Include="Source Files\math">
      <UniqueIdentifier>{79f4a7e8-2c18-4bea-8f1f-c761ed910af0}</UniqueIdentifier>
    </Filter>
  </ItemGroup>
  <ItemGroup>
    <ClCompile Include="main.cpp">
      <Filter>Source Files</Filter>
    </ClCompile>
    <ClCompile Include="mainwindow.cpp">
      <Filter>Source Files</Filter>
    </ClCompile>
    <ClCompile Include="GeneratedFiles\Debug\moc_mainwindow.cpp">
      <Filter>Generated Files\Debug</Filter>
    </ClCompile>
    <ClCompile Include="GeneratedFiles\Release\moc_mainwindow.cpp">
      <Filter>Generated Files\Release</Filter>
    </ClCompile>
    <ClCompile Include="GeneratedFiles\qrc_mainwindow.cpp">
      <Filter>Generated Files</Filter>
    </ClCompile>
    <ClCompile Include="RayTracer.cpp">
      <Filter>Source Files</Filter>
    </ClCompile>
    <ClCompile Include="face.cpp">
      <Filter>Source Files\scene</Filter>
    </ClCompile>
    <ClCompile Include="material.cpp">
      <Filter>Source Files\scene</Filter>
    </ClCompile>
    <ClCompile Include="object.cpp">
      <Filter>Source Files\scene</Filter>
    </ClCompile>
    <ClCompile Include="ray.cpp">
      <Filter>Source Files\scene</Filter>
    </ClCompile>
    <ClCompile Include="vertex.cpp">
      <Filter>Source Files\scene</Filter>
    </ClCompile>
    <ClCompile Include="parser.cpp">
      <Filter>Source Files\parser</Filter>
    </ClCompile>
    <ClCompile Include="vec3.cpp">
      <Filter>Source Files\math</Filter>
    </ClCompile>
    <ClCompile Include="camera.cpp">
      <Filter>Source Files\scene</Filter>
    </ClCompile>
    <ClCompile Include="intersection.cpp">
      <Filter>Source Files\scene</Filter>
    </ClCompile>
    <ClCompile Include="scene.cpp">
      <Filter>Source Files\scene</Filter>
    </ClCompile>
    <ClCompile Include="light.cpp">
      <Filter>Source Files\scene</Filter>
    </ClCompile>
    <ClCompile Include="GeneratedFiles\Debug\moc_RayTracer.cpp">
      <Filter>Generated Files\Debug</Filter>
    </ClCompile>
    <ClCompile Include="GeneratedFiles\Release\moc_RayTracer.cpp">
      <Filter>Generated Files\Release</Filter>
    </ClCompile>
    <ClCompile Include="boundingbox.cpp">
      <Filter>Source Files\math</Filter>
    </ClCompile>
    <ClCompile Include="setting.cpp">
      <Filter>Source Files</Filter>
    </ClCompile>
  </ItemGroup>
  <ItemGroup>
    <CustomBuild Include="mainwindow.h">
      <Filter>Header Files</Filter>
    </CustomBuild>
    <CustomBuild Include="mainwindow.ui">
      <Filter>Form Files</Filter>
    </CustomBuild>
    <CustomBuild Include="mainwindow.qrc">
      <Filter>Resource Files</Filter>
    </CustomBuild>
    <CustomBuild Include="RayTracer.h">
      <Filter>Header Files</Filter>
    </CustomBuild>
  </ItemGroup>
  <ItemGroup>
    <ClInclude Include="parser.h">
      <Filter>Header Files\parser</Filter>
    </ClInclude>
    <ClInclude Include="object.h">
      <Filter>Header Files\scene</Filter>
    </ClInclude>
    <ClInclude Include="ray.h">
      <Filter>Header Files\scene</Filter>
    </ClInclude>
    <ClInclude Include="vertex.h">
      <Filter>Header Files\scene</Filter>
    </ClInclude>
    <ClInclude Include="material.h">
      <Filter>Header Files\scene</Filter>
    </ClInclude>
    <ClInclude Include="vec3.h">
      <Filter>Header Files\math</Filter>
    </ClInclude>
    <ClInclude Include="camera.h">
      <Filter>Header Files\scene</Filter>
    </ClInclude>
    <ClInclude Include="scene.h">
      <Filter>Header Files\scene</Filter>
    </ClInclude>
    <ClInclude Include="intersection.h">
      <Filter>Header Files\scene</Filter>
    </ClInclude>
    <ClInclude Include="light.h">
      <Filter>Header Files\scene</Filter>
    </ClInclude>
    <ClInclude Include="face.h">
      <Filter>Header Files\scene</Filter>
    </ClInclude>
    <ClInclude Include="boundingbox.h">
      <Filter>Header Files\math</Filter>
    </ClInclude>
    <ClInclude Include="setting.h">
      <Filter>Header Files</Filter>
    </ClInclude>
  </ItemGroup>
  <ItemGroup>
    <ResourceCompile Include="FYP.rc" />
  </ItemGroup>
</Project>