// !$*UTF8*$!
{
	archiveVersion = 1;
	classes = {
	};
	objectVersion = 42;
	objects = {

/* Begin PBXBuildFile section */
		069D05B0128AE5DC7EE31738 /* QtCore.framework in Frameworks & Libraries */ = {isa = PBXBuildFile; fileRef = 7BC2E65A5E699A5E5D834CA2 /* QtCore.framework */; };
		19A7E9982609984E6CBA91E6 /* RayTracer.cpp in Build Sources */ = {isa = PBXBuildFile; fileRef = AAA4F5D3A1CAFE421FDFB3EE /* RayTracer.cpp */; settings = {ATTRIBUTES = (); }; };
		26C2BED6C570C95F5243C556 /* moc_mainwindow.cpp in Build Sources */ = {isa = PBXBuildFile; fileRef = 336D3C48DD3B44974395C633 /* moc_mainwindow.cpp */; settings = {ATTRIBUTES = (); }; };
		2B093CA6F071B023A473CED0 /* main.cpp in Build Sources */ = {isa = PBXBuildFile; fileRef = 118FCBAABA162BA17933C789 /* main.cpp */; settings = {ATTRIBUTES = (); }; };
		2E9CC3A717E203B60099A406 /* light.cpp in Build Sources */ = {isa = PBXBuildFile; fileRef = 2E9CC3A617E203B60099A406 /* light.cpp */; };
		36A6543D28D2F52FDADA33FD /* face.cpp in Build Sources */ = {isa = PBXBuildFile; fileRef = BFA5F19190847AFB5923A7C5 /* face.cpp */; settings = {ATTRIBUTES = (); }; };
		3BB3E46F7EC8C7405B55E0CE /* camera.cpp in Build Sources */ = {isa = PBXBuildFile; fileRef = 6238797CCAABFF441D08F08B /* camera.cpp */; settings = {ATTRIBUTES = (); }; };
		462C0F34BBEF2375A9469BB5 /* mainwindow.cpp in Build Sources */ = {isa = PBXBuildFile; fileRef = EA177DE95BF7D3EF58EE43F7 /* mainwindow.cpp */; settings = {ATTRIBUTES = (); }; };
		501667F26B3C1FF6767A7C12 /* QtGui.framework in Frameworks & Libraries */ = {isa = PBXBuildFile; fileRef = 9B36DA7E32F0304E780E7972 /* QtGui.framework */; };
		5A543014A05096BCCEEB4FC1 /* object.cpp in Build Sources */ = {isa = PBXBuildFile; fileRef = 0F925296456AAB39781B71FB /* object.cpp */; settings = {ATTRIBUTES = (); }; };
		66B06C0F7E9CC20EE1D08966 /* parser.cpp in Build Sources */ = {isa = PBXBuildFile; fileRef = 1C5F5DC7B5DF73E7FB17ABD6 /* parser.cpp */; settings = {ATTRIBUTES = (); }; };
		69234410A2DF131C7086544E /* intersection.cpp in Build Sources */ = {isa = PBXBuildFile; fileRef = A6AB5E1000E89026A4E5E567 /* intersection.cpp */; settings = {ATTRIBUTES = (); }; };
		72344BD03138195266038504 /* qrc_mainwindow.cpp in Build Sources */ = {isa = PBXBuildFile; fileRef = 5147F1908FEF39F4DCE051CF /* qrc_mainwindow.cpp */; settings = {ATTRIBUTES = (); }; };
		7A7668EF5DC1926D06C3A629 /* vertex.cpp in Build Sources */ = {isa = PBXBuildFile; fileRef = 028A9F6EF4187A7EEFF55A79 /* vertex.cpp */; settings = {ATTRIBUTES = (); }; };
		8503E4BCA60CBE88436C4F6E /* ray.cpp in Build Sources */ = {isa = PBXBuildFile; fileRef = 8E6677469F20A03AC31C8FCD /* ray.cpp */; settings = {ATTRIBUTES = (); }; };
		B903B48D6B6B2D7580D64B45 /* scene.cpp in Build Sources */ = {isa = PBXBuildFile; fileRef = F0EF50BDA40B3BFD88B5488A /* scene.cpp */; settings = {ATTRIBUTES = (); }; };
		F0E3D9F09E629F69A40EA182 /* material.cpp in Build Sources */ = {isa = PBXBuildFile; fileRef = 2D16DEBF5F3ADD099CE5498D /* material.cpp */; settings = {ATTRIBUTES = (); }; };
		FA55847B41D5006EE040DA6B /* vec3.cpp in Build Sources */ = {isa = PBXBuildFile; fileRef = 12B5BD7C4C8444D48FA723EF /* vec3.cpp */; settings = {ATTRIBUTES = (); }; };
/* End PBXBuildFile section */

/* Begin PBXFileReference section */
		028A9F6EF4187A7EEFF55A79 /* vertex.cpp */ = {isa = PBXFileReference; lastKnownFileType = sourcecode.cpp.cpp; path = vertex.cpp; sourceTree = SOURCE_ROOT; };
		043ACB8FA8B20E77D2B74160 /* ray.h */ = {isa = PBXFileReference; lastKnownFileType = sourcecode.c.h; path = ray.h; sourceTree = SOURCE_ROOT; };
		0F925296456AAB39781B71FB /* object.cpp */ = {isa = PBXFileReference; lastKnownFileType = sourcecode.cpp.cpp; path = object.cpp; sourceTree = SOURCE_ROOT; };
		118FCBAABA162BA17933C789 /* main.cpp */ = {isa = PBXFileReference; lastKnownFileType = sourcecode.cpp.cpp; path = main.cpp; sourceTree = SOURCE_ROOT; };
		12B5BD7C4C8444D48FA723EF /* vec3.cpp */ = {isa = PBXFileReference; lastKnownFileType = sourcecode.cpp.cpp; path = vec3.cpp; sourceTree = SOURCE_ROOT; };
		1480081DD2F69DB3319FB793 /* camera.h */ = {isa = PBXFileReference; lastKnownFileType = sourcecode.c.h; path = camera.h; sourceTree = SOURCE_ROOT; };
		1C5F5DC7B5DF73E7FB17ABD6 /* parser.cpp */ = {isa = PBXFileReference; lastKnownFileType = sourcecode.cpp.cpp; path = parser.cpp; sourceTree = SOURCE_ROOT; };
		260A552577147FE52619F330 /* object.h */ = {isa = PBXFileReference; lastKnownFileType = sourcecode.c.h; path = object.h; sourceTree = SOURCE_ROOT; };
		2D16DEBF5F3ADD099CE5498D /* material.cpp */ = {isa = PBXFileReference; lastKnownFileType = sourcecode.cpp.cpp; path = material.cpp; sourceTree = SOURCE_ROOT; };
		2E9CC3A617E203B60099A406 /* light.cpp */ = {isa = PBXFileReference; fileEncoding = 4; lastKnownFileType = sourcecode.cpp.cpp; path = light.cpp; sourceTree = SOURCE_ROOT; };
		2ED6E23A17E1D8F00082B2DB /* FYP.app */ = {isa = PBXFileReference; explicitFileType = wrapper.application; includeInIndex = 0; path = FYP.app; sourceTree = BUILT_PRODUCTS_DIR; };
		2ED6E23C17E1E7720082B2DB /* light.h */ = {isa = PBXFileReference; fileEncoding = 4; lastKnownFileType = sourcecode.c.h; path = light.h; sourceTree = SOURCE_ROOT; };
		336D3C48DD3B44974395C633 /* moc_mainwindow.cpp */ = {isa = PBXFileReference; lastKnownFileType = sourcecode.cpp.cpp; path = moc_mainwindow.cpp; sourceTree = SOURCE_ROOT; };
		44EEF5AE3B9D972D96748C97 /* parser.h */ = {isa = PBXFileReference; lastKnownFileType = sourcecode.c.h; path = parser.h; sourceTree = SOURCE_ROOT; };
		47178A3153CFE1F2CBB929E6 /* vec3.h */ = {isa = PBXFileReference; lastKnownFileType = sourcecode.c.h; path = vec3.h; sourceTree = SOURCE_ROOT; };
		4DC74337421258439BE59A54 /* intersection.h */ = {isa = PBXFileReference; lastKnownFileType = sourcecode.c.h; path = intersection.h; sourceTree = SOURCE_ROOT; };
		5147F1908FEF39F4DCE051CF /* qrc_mainwindow.cpp */ = {isa = PBXFileReference; lastKnownFileType = sourcecode.cpp.cpp; path = qrc_mainwindow.cpp; sourceTree = SOURCE_ROOT; };
		58BD6CF23A7AEAC18113BF3E /* RayTracer.h */ = {isa = PBXFileReference; lastKnownFileType = sourcecode.c.h; path = RayTracer.h; sourceTree = SOURCE_ROOT; };
		6238797CCAABFF441D08F08B /* camera.cpp */ = {isa = PBXFileReference; lastKnownFileType = sourcecode.cpp.cpp; path = camera.cpp; sourceTree = SOURCE_ROOT; };
		7BC2E65A5E699A5E5D834CA2 /* QtCore.framework */ = {isa = PBXFileReference; lastKnownFileType = wrapper.framework; name = QtCore.framework; path = /Library/Frameworks/QtCore.framework; sourceTree = "<absolute>"; };
		7FDF4644DDFC4164EBC0BC18 /* Face.h */ = {isa = PBXFileReference; lastKnownFileType = sourcecode.c.h; path = Face.h; sourceTree = SOURCE_ROOT; };
		8B61DAE806F4D21E2A84A4B1 /* includes.h */ = {isa = PBXFileReference; lastKnownFileType = sourcecode.c.h; path = includes.h; sourceTree = SOURCE_ROOT; };
		8E6677469F20A03AC31C8FCD /* ray.cpp */ = {isa = PBXFileReference; lastKnownFileType = sourcecode.cpp.cpp; path = ray.cpp; sourceTree = SOURCE_ROOT; };
		8E9B7D588EB97C7D65F22398 /* mainwindow.qrc */ = {isa = PBXFileReference; lastKnownFileType = text; path = mainwindow.qrc; sourceTree = SOURCE_ROOT; };
		97C2593DC35E9AAD9E6D97BA /* material.h */ = {isa = PBXFileReference; lastKnownFileType = sourcecode.c.h; path = material.h; sourceTree = SOURCE_ROOT; };
		9B36DA7E32F0304E780E7972 /* QtGui.framework */ = {isa = PBXFileReference; lastKnownFileType = wrapper.framework; name = QtGui.framework; path = /Library/Frameworks/QtGui.framework; sourceTree = "<absolute>"; };
		A6AB5E1000E89026A4E5E567 /* intersection.cpp */ = {isa = PBXFileReference; lastKnownFileType = sourcecode.cpp.cpp; path = intersection.cpp; sourceTree = SOURCE_ROOT; };
		A84F10F8CED2D2D18E08F80B /* vertex.h */ = {isa = PBXFileReference; lastKnownFileType = sourcecode.c.h; path = vertex.h; sourceTree = SOURCE_ROOT; };
		AAA4F5D3A1CAFE421FDFB3EE /* RayTracer.cpp */ = {isa = PBXFileReference; lastKnownFileType = sourcecode.cpp.cpp; path = RayTracer.cpp; sourceTree = SOURCE_ROOT; };
		AB241F823D3821A41AAC4BDE /* mainwindow.ui */ = {isa = PBXFileReference; lastKnownFileType = text.xml; path = mainwindow.ui; sourceTree = SOURCE_ROOT; };
		AFB98B37FF0012B837A2131C /* ui_mainwindow.h */ = {isa = PBXFileReference; lastKnownFileType = sourcecode.c.h; path = ui_mainwindow.h; sourceTree = SOURCE_ROOT; };
		BFA5F19190847AFB5923A7C5 /* face.cpp */ = {isa = PBXFileReference; lastKnownFileType = sourcecode.cpp.cpp; path = face.cpp; sourceTree = SOURCE_ROOT; };
		C63FA392C61F27B1B13369C1 /* mainwindow.h */ = {isa = PBXFileReference; lastKnownFileType = sourcecode.c.h; path = mainwindow.h; sourceTree = SOURCE_ROOT; };
		EA177DE95BF7D3EF58EE43F7 /* mainwindow.cpp */ = {isa = PBXFileReference; lastKnownFileType = sourcecode.cpp.cpp; path = mainwindow.cpp; sourceTree = SOURCE_ROOT; };
		EE47C335D3ABD27034168346 /* scene.h */ = {isa = PBXFileReference; lastKnownFileType = sourcecode.c.h; path = scene.h; sourceTree = SOURCE_ROOT; };
		F0EF50BDA40B3BFD88B5488A /* scene.cpp */ = {isa = PBXFileReference; lastKnownFileType = sourcecode.cpp.cpp; path = scene.cpp; sourceTree = SOURCE_ROOT; };
		F6601C41B0C229E2531D5E31 /* FYP.pro */ = {isa = PBXFileReference; lastKnownFileType = text; path = FYP.pro; sourceTree = SOURCE_ROOT; };
/* End PBXFileReference section */

/* Begin PBXFrameworksBuildPhase section */
		2A1043669E6E5A7426EA502A /* Frameworks & Libraries */ = {
			isa = PBXFrameworksBuildPhase;
			buildActionMask = 2147483647;
			files = (
				501667F26B3C1FF6767A7C12 /* QtGui.framework in Frameworks & Libraries */,
				069D05B0128AE5DC7EE31738 /* QtCore.framework in Frameworks & Libraries */,
			);
			name = "Frameworks & Libraries";
			runOnlyForDeploymentPostprocessing = 0;
		};
/* End PBXFrameworksBuildPhase section */

/* Begin PBXGroup section */
		05596AB53D8D521C69802C27 /* FYP */ = {
			isa = PBXGroup;
			children = (
				FB61758D0F0FDA4BA867C3D5 /* Sources */,
				46E892BBB6BB6952967E0561 /* Temporary Sources */,
				883D7615C4D2DE3FA1218F12 /* Headers */,
				7CABE3C80E79AD2B307756D2 /* Sources [qmake] */,
				52C235EBF1C9B07808119459 /* Sources [RCC] */,
				EEC299C65D5017EB9DD513B0 /* Sources [UIC] */,
				ED1E82605DD74B483AF3C982 /* External Frameworks and Libraries */,
				2ED6E23B17E1D8F00082B2DB /* Products */,
			);
			name = FYP;
			sourceTree = "<Group>";
		};
		2ED6E23B17E1D8F00082B2DB /* Products */ = {
			isa = PBXGroup;
			children = (
				2ED6E23A17E1D8F00082B2DB /* FYP.app */,
			);
			name = Products;
			sourceTree = "<group>";
		};
		46E892BBB6BB6952967E0561 /* Temporary Sources */ = {
			isa = PBXGroup;
			children = (
				336D3C48DD3B44974395C633 /* moc_mainwindow.cpp */,
				5147F1908FEF39F4DCE051CF /* qrc_mainwindow.cpp */,
				AFB98B37FF0012B837A2131C /* ui_mainwindow.h */,
			);
			name = "Temporary Sources";
			sourceTree = "<Group>";
		};
		52C235EBF1C9B07808119459 /* Sources [RCC] */ = {
			isa = PBXGroup;
			children = (
				8E9B7D588EB97C7D65F22398 /* mainwindow.qrc */,
			);
			name = "Sources [RCC]";
			sourceTree = "<Group>";
		};
		7CABE3C80E79AD2B307756D2 /* Sources [qmake] */ = {
			isa = PBXGroup;
			children = (
				F6601C41B0C229E2531D5E31 /* FYP.pro */,
			);
			name = "Sources [qmake]";
			sourceTree = "<Group>";
		};
		883D7615C4D2DE3FA1218F12 /* Headers */ = {
			isa = PBXGroup;
			children = (
				2ED6E23C17E1E7720082B2DB /* light.h */,
				1480081DD2F69DB3319FB793 /* camera.h */,
				7FDF4644DDFC4164EBC0BC18 /* Face.h */,
				8B61DAE806F4D21E2A84A4B1 /* includes.h */,
				4DC74337421258439BE59A54 /* intersection.h */,
				C63FA392C61F27B1B13369C1 /* mainwindow.h */,
				97C2593DC35E9AAD9E6D97BA /* material.h */,
				260A552577147FE52619F330 /* object.h */,
				44EEF5AE3B9D972D96748C97 /* parser.h */,
				043ACB8FA8B20E77D2B74160 /* ray.h */,
				58BD6CF23A7AEAC18113BF3E /* RayTracer.h */,
				EE47C335D3ABD27034168346 /* scene.h */,
				47178A3153CFE1F2CBB929E6 /* vec3.h */,
				A84F10F8CED2D2D18E08F80B /* vertex.h */,
			);
			name = Headers;
			sourceTree = "<Group>";
		};
		ED1E82605DD74B483AF3C982 /* External Frameworks and Libraries */ = {
			isa = PBXGroup;
			children = (
				9B36DA7E32F0304E780E7972 /* QtGui.framework */,
				7BC2E65A5E699A5E5D834CA2 /* QtCore.framework */,
			);
			name = "External Frameworks and Libraries";
			sourceTree = "<Group>";
		};
		EEC299C65D5017EB9DD513B0 /* Sources [UIC] */ = {
			isa = PBXGroup;
			children = (
				AB241F823D3821A41AAC4BDE /* mainwindow.ui */,
			);
			name = "Sources [UIC]";
			sourceTree = "<Group>";
		};
		FB61758D0F0FDA4BA867C3D5 /* Sources */ = {
			isa = PBXGroup;
			children = (
				2E9CC3A617E203B60099A406 /* light.cpp */,
				6238797CCAABFF441D08F08B /* camera.cpp */,
				BFA5F19190847AFB5923A7C5 /* face.cpp */,
				A6AB5E1000E89026A4E5E567 /* intersection.cpp */,
				118FCBAABA162BA17933C789 /* main.cpp */,
				EA177DE95BF7D3EF58EE43F7 /* mainwindow.cpp */,
				2D16DEBF5F3ADD099CE5498D /* material.cpp */,
				0F925296456AAB39781B71FB /* object.cpp */,
				1C5F5DC7B5DF73E7FB17ABD6 /* parser.cpp */,
				8E6677469F20A03AC31C8FCD /* ray.cpp */,
				AAA4F5D3A1CAFE421FDFB3EE /* RayTracer.cpp */,
				F0EF50BDA40B3BFD88B5488A /* scene.cpp */,
				12B5BD7C4C8444D48FA723EF /* vec3.cpp */,
				028A9F6EF4187A7EEFF55A79 /* vertex.cpp */,
			);
			name = Sources;
			sourceTree = "<Group>";
		};
/* End PBXGroup section */

/* Begin PBXNativeTarget section */
		FC896AC09281FF73CD209EE2 /* FYP */ = {
			isa = PBXNativeTarget;
			buildConfigurationList = 17B3380A4D6A7D415E7F2E1E /* Build configuration list for PBXNativeTarget "FYP" */;
			buildPhases = (
				D7BA7D76DAB5DD13389D6332 /* Qt Qmake */,
				A0A52A2ADF7A1E2A99738674 /* Qt Preprocessors */,
				C29B8785722055ED95EF7B57 /* Build Sources */,
				2A1043669E6E5A7426EA502A /* Frameworks & Libraries */,
				3787F99312C85FF0073FD7BA /* Bundle Resources */,
			);
			buildRules = (
			);
			dependencies = (
			);
			name = FYP;
			productName = FYP;
			productReference = 2ED6E23A17E1D8F00082B2DB /* FYP.app */;
			productType = "com.apple.product-type.application";
		};
/* End PBXNativeTarget section */

/* Begin PBXProject section */
		91B15E841AA80083484172DE /* Project object */ = {
			isa = PBXProject;
			buildConfigurationList = CC82A9286117DFED018F418F /* Build configuration list for PBXProject "FYP" */;
			compatibilityVersion = "Xcode 2.4";
			developmentRegion = English;
			hasScannedForEncodings = 1;
			knownRegions = (
				en,
			);
			mainGroup = 05596AB53D8D521C69802C27 /* FYP */;
			productRefGroup = 2ED6E23B17E1D8F00082B2DB /* Products */;
			projectDirPath = "";
			projectRoot = "";
			targets = (
				FC896AC09281FF73CD209EE2 /* FYP */,
			);
		};
/* End PBXProject section */

/* Begin PBXResourcesBuildPhase section */
		3787F99312C85FF0073FD7BA /* Bundle Resources */ = {
			isa = PBXResourcesBuildPhase;
			buildActionMask = 2147483647;
			files = (
			);
			name = "Bundle Resources";
			runOnlyForDeploymentPostprocessing = 0;
		};
/* End PBXResourcesBuildPhase section */

/* Begin PBXShellScriptBuildPhase section */
		A0A52A2ADF7A1E2A99738674 /* Qt Preprocessors */ = {
			isa = PBXShellScriptBuildPhase;
			buildActionMask = 2147483647;
			files = (
			);
			name = "Qt Preprocessors";
			runOnlyForDeploymentPostprocessing = 0;
			shellPath = /bin/sh;
			shellScript = "make -C /Users/guanlunzhao/Workspace/FYP/FYP -f 'FYP.xcodeproj/qt_preprocess.mak'";
		};
		D7BA7D76DAB5DD13389D6332 /* Qt Qmake */ = {
			isa = PBXShellScriptBuildPhase;
			buildActionMask = 2147483647;
			files = (
			);
			name = "Qt Qmake";
			runOnlyForDeploymentPostprocessing = 0;
			shellPath = /bin/sh;
			shellScript = "make -C /Users/guanlunzhao/Workspace/FYP/FYP -f 'FYP.xcodeproj/qt_makeqmake.mak'";
		};
/* End PBXShellScriptBuildPhase section */

/* Begin PBXSourcesBuildPhase section */
		C29B8785722055ED95EF7B57 /* Build Sources */ = {
			isa = PBXSourcesBuildPhase;
			buildActionMask = 2147483647;
			files = (
				3BB3E46F7EC8C7405B55E0CE /* camera.cpp in Build Sources */,
				36A6543D28D2F52FDADA33FD /* face.cpp in Build Sources */,
				69234410A2DF131C7086544E /* intersection.cpp in Build Sources */,
				2B093CA6F071B023A473CED0 /* main.cpp in Build Sources */,
				462C0F34BBEF2375A9469BB5 /* mainwindow.cpp in Build Sources */,
				F0E3D9F09E629F69A40EA182 /* material.cpp in Build Sources */,
				5A543014A05096BCCEEB4FC1 /* object.cpp in Build Sources */,
				66B06C0F7E9CC20EE1D08966 /* parser.cpp in Build Sources */,
				8503E4BCA60CBE88436C4F6E /* ray.cpp in Build Sources */,
				19A7E9982609984E6CBA91E6 /* RayTracer.cpp in Build Sources */,
				B903B48D6B6B2D7580D64B45 /* scene.cpp in Build Sources */,
				FA55847B41D5006EE040DA6B /* vec3.cpp in Build Sources */,
				7A7668EF5DC1926D06C3A629 /* vertex.cpp in Build Sources */,
				26C2BED6C570C95F5243C556 /* moc_mainwindow.cpp in Build Sources */,
				72344BD03138195266038504 /* qrc_mainwindow.cpp in Build Sources */,
				2E9CC3A717E203B60099A406 /* light.cpp in Build Sources */,
			);
			name = "Build Sources";
			runOnlyForDeploymentPostprocessing = 0;
		};
/* End PBXSourcesBuildPhase section */

/* Begin XCBuildConfiguration section */
		4B72B24813252891014BCF61 /* Debug */ = {
			isa = XCBuildConfiguration;
			buildSettings = {
				ARCHS = x86_64;
				COPY_PHASE_STRIP = NO;
				FRAMEWORK_SEARCH_PATHS = (
					/Library/Frameworks,
					/Library/Frameworks,
				);
				GCC_GENERATE_DEBUGGING_SYMBOLS = YES;
				GCC_OPTIMIZATION_LEVEL = 0;
				HEADER_SEARCH_PATHS = (
					/Library/Frameworks/QtCore.framework/Versions/4/Headers,
					/usr/include/QtCore,
					/Library/Frameworks/QtGui.framework/Versions/4/Headers,
					/usr/include/QtGui,
					/usr/include,
					.,
					GeneratedFiles,
					.,
					.,
					/usr/local/include,
					/System/Library/Frameworks/CarbonCore.framework/Headers,
					"/usr/local/Qt4.8/mkspecs/macx-xcode",
				);
				INFOPLIST_FILE = Info.plist;
				LIBRARY_SEARCH_PATHS = /Library/Frameworks;
				OTHER_CFLAGS = (
					"-pipe",
					"-g",
					"-Wall",
					"-W",
					"-DQT_GUI_LIB",
					"-DQT_CORE_LIB",
					"-DQT_SHARED",
				);
				OTHER_CPLUSPLUSFLAGS = (
					"-pipe",
					"-g",
					"-Wall",
					"-W",
					"-DQT_GUI_LIB",
					"-DQT_CORE_LIB",
					"-DQT_SHARED",
				);
				OTHER_LDFLAGS = (
					"-headerpad_max_install_names",
					"-L/Library/Frameworks",
					"-F/Library/Frameworks",
				);
				PRODUCT_NAME = FYP;
			};
			name = Debug;
		};
		8C7174830A1E4DCBA0332EC1 /* Release */ = {
			isa = XCBuildConfiguration;
			buildSettings = {
				COPY_PHASE_STRIP = YES;
				GCC_GENERATE_DEBUGGING_SYMBOLS = NO;
				PRODUCT_NAME = FYP;
			};
			name = Release;
		};
		BEC09A62E69C3553534FF35E /* Debug */ = {
			isa = XCBuildConfiguration;
			buildSettings = {
				COPY_PHASE_STRIP = NO;
				GCC_GENERATE_DEBUGGING_SYMBOLS = YES;
				GCC_OPTIMIZATION_LEVEL = 0;
				PRODUCT_NAME = FYP;
			};
			name = Debug;
		};
		D70590BEB531B51029F711BB /* Release */ = {
			isa = XCBuildConfiguration;
			buildSettings = {
				ARCHS = x86_64;
				COPY_PHASE_STRIP = YES;
				FRAMEWORK_SEARCH_PATHS = (
					/Library/Frameworks,
					/Library/Frameworks,
				);
				GCC_GENERATE_DEBUGGING_SYMBOLS = NO;
				HEADER_SEARCH_PATHS = (
					/Library/Frameworks/QtCore.framework/Versions/4/Headers,
					/usr/include/QtCore,
					/Library/Frameworks/QtGui.framework/Versions/4/Headers,
					/usr/include/QtGui,
					/usr/include,
					.,
					GeneratedFiles,
					.,
					.,
					/usr/local/include,
					/System/Library/Frameworks/CarbonCore.framework/Headers,
					"/usr/local/Qt4.8/mkspecs/macx-xcode",
				);
				INFOPLIST_FILE = Info.plist;
				LIBRARY_SEARCH_PATHS = /Library/Frameworks;
				OTHER_CFLAGS = (
					"-pipe",
					"-g",
					"-Wall",
					"-W",
					"-DQT_GUI_LIB",
					"-DQT_CORE_LIB",
					"-DQT_SHARED",
				);
				OTHER_CPLUSPLUSFLAGS = (
					"-pipe",
					"-g",
					"-Wall",
					"-W",
					"-DQT_GUI_LIB",
					"-DQT_CORE_LIB",
					"-DQT_SHARED",
				);
				OTHER_LDFLAGS = (
					"-headerpad_max_install_names",
					"-L/Library/Frameworks",
					"-F/Library/Frameworks",
				);
				PRODUCT_NAME = FYP;
			};
			name = Release;
		};
/* End XCBuildConfiguration section */

/* Begin XCConfigurationList section */
		17B3380A4D6A7D415E7F2E1E /* Build configuration list for PBXNativeTarget "FYP" */ = {
			isa = XCConfigurationList;
			buildConfigurations = (
				BEC09A62E69C3553534FF35E /* Debug */,
				8C7174830A1E4DCBA0332EC1 /* Release */,
			);
			defaultConfigurationIsVisible = 0;
			defaultConfigurationName = Release;
		};
		CC82A9286117DFED018F418F /* Build configuration list for PBXProject "FYP" */ = {
			isa = XCConfigurationList;
			buildConfigurations = (
				4B72B24813252891014BCF61 /* Debug */,
				D70590BEB531B51029F711BB /* Release */,
			);
			defaultConfigurationIsVisible = 0;
			defaultConfigurationName = Release;
		};
/* End XCConfigurationList section */
	};
	rootObject = 91B15E841AA80083484172DE /* Project object */;
}
